
Microsoft Visual Studio Solution File, Format Version 12.00
# Visual Studio 15
VisualStudioVersion = 15.0.26124.0
MinimumVisualStudioVersion = 15.0.26124.0
Project("{FAE04EC0-301F-11D3-BF4B-00C04F79EFBC}") = "Profile.Domain", "Profile.Domain\Profile.Domain.csproj", "{E9F37FED-E08E-42ED-A0B5-1D4020316E90}"
EndProject
Project("{FAE04EC0-301F-11D3-BF4B-00C04F79EFBC}") = "Profile.Domain.Test", "Profile.Domain.Test\Profile.Domain.Test.csproj", "{A9550E0B-9A07-4807-8C98-842C5E2D93B6}"
EndProject
Global
	GlobalSection(SolutionConfigurationPlatforms) = preSolution
		Debug|Any CPU = Debug|Any CPU
		Debug|x64 = Debug|x64
		Debug|x86 = Debug|x86
		Release|Any CPU = Release|Any CPU
		Release|x64 = Release|x64
		Release|x86 = Release|x86
	EndGlobalSection
	GlobalSection(SolutionProperties) = preSolution
		HideSolutionNode = FALSE
	EndGlobalSection
	GlobalSection(ProjectConfigurationPlatforms) = postSolution
		{E9F37FED-E08E-42ED-A0B5-1D4020316E90}.Debug|Any CPU.ActiveCfg = Debug|Any CPU
		{E9F37FED-E08E-42ED-A0B5-1D4020316E90}.Debug|Any CPU.Build.0 = Debug|Any CPU
		{E9F37FED-E08E-42ED-A0B5-1D4020316E90}.Debug|x64.ActiveCfg = Debug|Any CPU
		{E9F37FED-E08E-42ED-A0B5-1D4020316E90}.Debug|x64.Build.0 = Debug|Any CPU
		{E9F37FED-E08E-42ED-A0B5-1D4020316E90}.Debug|x86.ActiveCfg = Debug|Any CPU
		{E9F37FED-E08E-42ED-A0B5-1D4020316E90}.Debug|x86.Build.0 = Debug|Any CPU
		{E9F37FED-E08E-42ED-A0B5-1D4020316E90}.Release|Any CPU.ActiveCfg = Release|Any CPU
		{E9F37FED-E08E-42ED-A0B5-1D4020316E90}.Release|Any CPU.Build.0 = Release|Any CPU
		{E9F37FED-E08E-42ED-A0B5-1D4020316E90}.Release|x64.ActiveCfg = Release|Any CPU
		{E9F37FED-E08E-42ED-A0B5-1D4020316E90}.Release|x64.Build.0 = Release|Any CPU
		{E9F37FED-E08E-42ED-A0B5-1D4020316E90}.Release|x86.ActiveCfg = Release|Any CPU
		{E9F37FED-E08E-42ED-A0B5-1D4020316E90}.Release|x86.Build.0 = Release|Any CPU
		{A9550E0B-9A07-4807-8C98-842C5E2D93B6}.Debug|Any CPU.ActiveCfg = Debug|Any CPU
		{A9550E0B-9A07-4807-8C98-842C5E2D93B6}.Debug|Any CPU.Build.0 = Debug|Any CPU
		{A9550E0B-9A07-4807-8C98-842C5E2D93B6}.Debug|x64.ActiveCfg = Debug|Any CPU
		{A9550E0B-9A07-4807-8C98-842C5E2D93B6}.Debug|x64.Build.0 = Debug|Any CPU
		{A9550E0B-9A07-4807-8C98-842C5E2D93B6}.Debug|x86.ActiveCfg = Debug|Any CPU
		{A9550E0B-9A07-4807-8C98-842C5E2D93B6}.Debug|x86.Build.0 = Debug|Any CPU
		{A9550E0B-9A07-4807-8C98-842C5E2D93B6}.Release|Any CPU.ActiveCfg = Release|Any CPU
		{A9550E0B-9A07-4807-8C98-842C5E2D93B6}.Release|Any CPU.Build.0 = Release|Any CPU
		{A9550E0B-9A07-4807-8C98-842C5E2D93B6}.Release|x64.ActiveCfg = Release|Any CPU
		{A9550E0B-9A07-4807-8C98-842C5E2D93B6}.Release|x64.Build.0 = Release|Any CPU
		{A9550E0B-9A07-4807-8C98-842C5E2D93B6}.Release|x86.ActiveCfg = Release|Any CPU
		{A9550E0B-9A07-4807-8C98-842C5E2D93B6}.Release|x86.Build.0 = Release|Any CPU
	EndGlobalSection
EndGlobal
